{
  "name": "solid-spa",
  "lockfileVersion": 3,
  "requires": true,
  "packages": {
    "": {
      "dependencies": {
        "solid-js": "^1.5.2",
        "typescript": "^5.0.2",
        "vite": "^4.0.3",
        "vite-plugin-solid": "^2.3.0",
        "vite-plugin-ssr": "0.4.135"
      },
      "devDependencies": {
        "prettier": "3.0.1"
      }
    },
    "../../node_modules/.pnpm/@brillout+import@0.2.3/node_modules/@brillout/import": {
      "version": "0.2.3",
      "license": "MIT",
      "devDependencies": {
        "@types/node": "^18.11.9",
        "typescript": "^4.9.3"
      }
    },
    "../../node_modules/.pnpm/@brillout+json-serializer@0.5.4/node_modules/@brillout/json-serializer": {
      "version": "0.5.4",
      "devDependencies": {
        "@brillout/mdocs": "^0.1.30",
        "@brillout/release-me": "^0.0.5",
        "@types/node": "17.0.13",
        "lodash.isequal": "^4.5.0",
        "react": "^17.0.2",
        "self-import": "^1.0.1",
        "typescript": "^4.8.2"
      }
    },
    "../../node_modules/.pnpm/@brillout+part-regex@0.1.2/node_modules/@brillout/part-regex": {
      "version": "0.1.2",
      "dev": true,
      "license": "MIT",
      "devDependencies": {
        "@types/node": "^15.12.2",
        "typescript": "^4.3.5"
      }
    },
    "../../node_modules/.pnpm/@brillout+picocolors@1.0.6/node_modules/@brillout/picocolors": {
      "version": "1.0.6",
      "license": "ISC",
      "devDependencies": {
        "ansi-colors": "^4.1.1",
        "benchmark": "^2.1.4",
        "chalk": "^4.1.2",
        "clean-publish": "^3.0.3",
        "cli-color": "^2.0.0",
        "colorette": "^2.0.12",
        "kleur": "^4.1.4",
        "nanocolors": "^0.2.12",
        "prettier": "^2.4.1"
      }
    },
    "../../node_modules/.pnpm/@brillout+release-me@0.1.7/node_modules/@brillout/release-me": {
      "version": "0.1.7",
      "dev": true,
      "license": "MIT",
      "dependencies": {
        "conventional-changelog": "^3.1.25",
        "execa": "^5.0.0",
        "js-yaml": "^4.1.0",
        "picocolors": "^1.0.0",
        "semver": "^7.3.5"
      },
      "bin": {
        "release-me": "bin.js"
      },
      "devDependencies": {
        "@types/conventional-changelog": "^3.1.1",
        "@types/js-yaml": "^4.0.5",
        "@types/node": "^15.12.2",
        "@types/semver": "^7.3.6",
        "typescript": "^4.8.2"
      }
    },
    "../../node_modules/.pnpm/@brillout+vite-plugin-import-build@0.2.18/node_modules/@brillout/vite-plugin-import-build": {
      "version": "0.2.18",
      "license": "MIT",
      "dependencies": {
        "@brillout/import": "^0.2.3"
      },
      "devDependencies": {
        "@brillout/release-me": "^0.1.6",
        "@types/node": "^15.12.2",
        "rollup": "^2.75.5",
        "typescript": "^4.3.5",
        "vite": "^2.4.4"
      }
    },
    "../../node_modules/.pnpm/@types+estree@1.0.1/node_modules/@types/estree": {
      "version": "1.0.1",
      "dev": true,
      "license": "MIT"
    },
    "../../node_modules/.pnpm/@types+jest@27.5.2/node_modules/@types/jest": {
      "version": "27.5.2",
      "dev": true,
      "license": "MIT",
      "dependencies": {
        "jest-matcher-utils": "^27.0.0",
        "pretty-format": "^27.0.0"
      }
    },
    "../../node_modules/.pnpm/@types+node@20.1.0/node_modules/@types/node": {
      "version": "20.1.0",
      "dev": true,
      "license": "MIT"
    },
    "../../node_modules/.pnpm/@types+resolve@1.20.2/node_modules/@types/resolve": {
      "version": "1.20.2",
      "dev": true,
      "license": "MIT"
    },
    "../../node_modules/.pnpm/@types+source-map-support@0.5.6/node_modules/@types/source-map-support": {
      "version": "0.5.6",
      "dev": true,
      "license": "MIT",
      "dependencies": {
        "source-map": "^0.6.0"
      }
    },
    "../../node_modules/.pnpm/acorn@8.8.2/node_modules/acorn": {
      "version": "8.8.2",
      "license": "MIT",
      "bin": {
        "acorn": "bin/acorn"
      },
      "engines": {
        "node": ">=0.4.0"
      }
    },
    "../../node_modules/.pnpm/cac@6.7.14/node_modules/cac": {
      "version": "6.7.14",
      "license": "MIT",
      "devDependencies": {
        "@babel/core": "^7.12.10",
        "@babel/plugin-syntax-typescript": "^7.12.1",
        "@rollup/plugin-commonjs": "^17.0.0",
        "@rollup/plugin-node-resolve": "^11.0.0",
        "@types/fs-extra": "^9.0.5",
        "@types/jest": "^26.0.19",
        "@types/mri": "^1.1.0",
        "cz-conventional-changelog": "^2.1.0",
        "esbuild": "^0.8.21",
        "eslint-config-rem": "^3.0.0",
        "execa": "^5.0.0",
        "fs-extra": "^9.0.1",
        "globby": "^11.0.1",
        "husky": "^1.2.0",
        "jest": "^24.9.0",
        "lint-staged": "^8.1.0",
        "markdown-toc": "^1.2.0",
        "mri": "^1.1.6",
        "prettier": "^2.2.1",
        "rollup": "^2.34.2",
        "rollup-plugin-dts": "^2.0.1",
        "rollup-plugin-esbuild": "^2.6.1",
        "semantic-release": "^17.3.0",
        "sucrase": "^3.16.0",
        "ts-jest": "^26.4.4",
        "ts-node": "^9.1.1",
        "typedoc": "^0.19.2",
        "typescript": "^4.1.2"
      },
      "engines": {
        "node": ">=8"
      }
    },
    "../../node_modules/.pnpm/es-module-lexer@0.10.5/node_modules/es-module-lexer": {
      "version": "0.10.5",
      "license": "MIT",
      "devDependencies": {
        "@babel/cli": "^7.5.5",
        "@babel/core": "^7.5.5",
        "@babel/plugin-transform-modules-commonjs": "^7.5.0",
        "kleur": "^2.0.2",
        "mocha": "^5.2.0",
        "terser": "^5.12.1"
      }
    },
    "../../node_modules/.pnpm/esbuild@0.17.18/node_modules/esbuild": {
      "version": "0.17.18",
      "hasInstallScript": true,
      "license": "MIT",
      "bin": {
        "esbuild": "bin/esbuild"
      },
      "engines": {
        "node": ">=12"
      },
      "optionalDependencies": {
        "@esbuild/android-arm": "0.17.18",
        "@esbuild/android-arm64": "0.17.18",
        "@esbuild/android-x64": "0.17.18",
        "@esbuild/darwin-arm64": "0.17.18",
        "@esbuild/darwin-x64": "0.17.18",
        "@esbuild/freebsd-arm64": "0.17.18",
        "@esbuild/freebsd-x64": "0.17.18",
        "@esbuild/linux-arm": "0.17.18",
        "@esbuild/linux-arm64": "0.17.18",
        "@esbuild/linux-ia32": "0.17.18",
        "@esbuild/linux-loong64": "0.17.18",
        "@esbuild/linux-mips64el": "0.17.18",
        "@esbuild/linux-ppc64": "0.17.18",
        "@esbuild/linux-riscv64": "0.17.18",
        "@esbuild/linux-s390x": "0.17.18",
        "@esbuild/linux-x64": "0.17.18",
        "@esbuild/netbsd-x64": "0.17.18",
        "@esbuild/openbsd-x64": "0.17.18",
        "@esbuild/sunos-x64": "0.17.18",
        "@esbuild/win32-arm64": "0.17.18",
        "@esbuild/win32-ia32": "0.17.18",
        "@esbuild/win32-x64": "0.17.18"
      }
    },
    "../../node_modules/.pnpm/fast-glob@3.2.12/node_modules/fast-glob": {
      "version": "3.2.12",
      "license": "MIT",
      "dependencies": {
        "@nodelib/fs.stat": "^2.0.2",
        "@nodelib/fs.walk": "^1.2.3",
        "glob-parent": "^5.1.2",
        "merge2": "^1.3.0",
        "micromatch": "^4.0.4"
      },
      "devDependencies": {
        "@nodelib/fs.macchiato": "^1.0.1",
        "@types/compute-stdev": "^1.0.0",
        "@types/easy-table": "^0.0.32",
        "@types/glob": "^7.1.1",
        "@types/glob-parent": "^5.1.0",
        "@types/is-ci": "^2.0.0",
        "@types/merge2": "^1.1.4",
        "@types/micromatch": "^4.0.0",
        "@types/minimist": "^1.2.0",
        "@types/mocha": "^5.2.7",
        "@types/node": "^12.7.8",
        "@types/rimraf": "^2.0.2",
        "@types/sinon": "^7.5.0",
        "compute-stdev": "^1.0.0",
        "easy-table": "^1.1.1",
        "eslint": "^6.5.1",
        "eslint-config-mrmlnc": "^1.1.0",
        "execa": "^2.0.4",
        "fast-glob": "^3.0.4",
        "fdir": "^5.1.0",
        "glob": "^7.1.4",
        "is-ci": "^2.0.0",
        "log-update": "^4.0.0",
        "minimist": "^1.2.0",
        "mocha": "^6.2.1",
        "rimraf": "^3.0.0",
        "sinon": "^7.5.0",
        "tiny-glob": "^0.2.6",
        "typescript": "^3.6.3"
      },
      "engines": {
        "node": ">=8.6.0"
      }
    },
    "../../node_modules/.pnpm/prettier@3.0.1/node_modules/prettier": {
      "version": "3.0.1",
      "dev": true,
      "license": "MIT",
      "bin": {
        "prettier": "bin/prettier.cjs"
      },
      "engines": {
        "node": ">=14"
      },
      "funding": {
        "url": "https://github.com/prettier/prettier?sponsor=1"
      }
    },
    "../../node_modules/.pnpm/react-streaming@0.3.10_react-dom@18.2.0_react@18.2.0/node_modules/react-streaming": {
      "version": "0.3.10",
      "license": "MIT",
      "optional": true,
      "peer": true,
      "dependencies": {
        "@brillout/json-serializer": "^0.5.1",
        "isbot-fast": "1.2.0"
      },
      "devDependencies": {
        "@brillout/part-regex": "^0.1.2",
        "@brillout/release-me": "^0.0.7",
        "@types/node": "^15.12.2",
        "@types/react": "^18.0.9",
        "@types/react-dom": "^18.0.4",
        "react": "18.2.0",
        "react-dom": "18.2.0",
        "typescript": "^4.8.3",
        "vitest": "^0.14.1"
      },
      "peerDependencies": {
        "react": ">=18",
        "react-dom": ">=18"
      }
    },
    "../../node_modules/.pnpm/rimraf@3.0.2/node_modules/rimraf": {
      "version": "3.0.2",
      "dev": true,
      "license": "ISC",
      "dependencies": {
        "glob": "^7.1.3"
      },
      "bin": {
        "rimraf": "bin.js"
      },
      "devDependencies": {
        "mkdirp": "^0.5.1",
        "tap": "^12.1.1"
      },
      "funding": {
        "url": "https://github.com/sponsors/isaacs"
      }
    },
    "../../node_modules/.pnpm/sirv@2.0.3/node_modules/sirv": {
      "version": "2.0.3",
      "license": "MIT",
      "dependencies": {
        "@polka/url": "^1.0.0-next.20",
        "mrmime": "^1.0.0",
        "totalist": "^3.0.0"
      },
      "engines": {
        "node": ">= 10"
      }
    },
    "../../node_modules/.pnpm/solid-js@1.7.5/node_modules/solid-js": {
      "version": "1.7.5",
      "license": "MIT",
      "dependencies": {
        "csstype": "^3.1.0",
        "seroval": "^0.5.0"
      }
    },
    "../../node_modules/.pnpm/source-map-support@0.5.21/node_modules/source-map-support": {
      "version": "0.5.21",
      "license": "MIT",
      "dependencies": {
        "buffer-from": "^1.0.0",
        "source-map": "^0.6.0"
      },
      "devDependencies": {
        "browserify": "^4.2.3",
        "coffeescript": "^1.12.7",
        "http-server": "^0.11.1",
        "mocha": "^3.5.3",
        "webpack": "^1.15.0"
      }
    },
    "../../node_modules/.pnpm/typescript@5.0.4/node_modules/typescript": {
      "version": "5.0.4",
      "license": "Apache-2.0",
      "bin": {
        "tsc": "bin/tsc",
        "tsserver": "bin/tsserver"
      },
      "devDependencies": {
        "@esfx/canceltoken": "^1.0.0",
        "@octokit/rest": "latest",
        "@types/chai": "^4.3.4",
        "@types/fs-extra": "^9.0.13",
        "@types/glob": "^8.1.0",
        "@types/microsoft__typescript-etw": "^0.1.1",
        "@types/minimist": "^1.2.2",
        "@types/mocha": "^10.0.1",
        "@types/ms": "^0.7.31",
        "@types/node": "latest",
        "@types/source-map-support": "^0.5.6",
        "@types/which": "^2.0.1",
        "@typescript-eslint/eslint-plugin": "^5.33.1",
        "@typescript-eslint/parser": "^5.33.1",
        "@typescript-eslint/utils": "^5.33.1",
        "azure-devops-node-api": "^11.2.0",
        "chai": "^4.3.7",
        "chalk": "^4.1.2",
        "chokidar": "^3.5.3",
        "del": "^6.1.1",
        "diff": "^5.1.0",
        "esbuild": "^0.17.2",
        "eslint": "^8.22.0",
        "eslint-formatter-autolinkable-stylish": "^1.2.0",
        "eslint-plugin-import": "^2.26.0",
        "eslint-plugin-local": "^1.0.0",
        "eslint-plugin-no-null": "^1.0.2",
        "eslint-plugin-simple-import-sort": "^10.0.0",
        "fast-xml-parser": "^4.0.11",
        "fs-extra": "^9.1.0",
        "glob": "^8.1.0",
        "hereby": "^1.6.4",
        "jsonc-parser": "^3.2.0",
        "minimist": "^1.2.8",
        "mocha": "^10.2.0",
        "mocha-fivemat-progress-reporter": "^0.1.0",
        "ms": "^2.1.3",
        "node-fetch": "^3.2.10",
        "source-map-support": "^0.5.21",
        "typescript": "5.0.0-dev.20230112",
        "which": "^2.0.2"
      },
      "engines": {
        "node": ">=12.20"
      }
    },
    "../../node_modules/.pnpm/typescript@5.1.6/node_modules/typescript": {
      "version": "5.1.6",
      "dev": true,
      "license": "Apache-2.0",
      "bin": {
        "tsc": "bin/tsc",
        "tsserver": "bin/tsserver"
      },
      "devDependencies": {
        "@esfx/canceltoken": "^1.0.0",
        "@octokit/rest": "latest",
        "@types/chai": "^4.3.4",
        "@types/fs-extra": "^9.0.13",
        "@types/glob": "^8.1.0",
        "@types/microsoft__typescript-etw": "^0.1.1",
        "@types/minimist": "^1.2.2",
        "@types/mocha": "^10.0.1",
        "@types/ms": "^0.7.31",
        "@types/node": "latest",
        "@types/source-map-support": "^0.5.6",
        "@types/which": "^2.0.1",
        "@typescript-eslint/eslint-plugin": "^5.33.1",
        "@typescript-eslint/parser": "^5.33.1",
        "@typescript-eslint/utils": "^5.33.1",
        "azure-devops-node-api": "^12.0.0",
        "chai": "^4.3.7",
        "chalk": "^4.1.2",
        "chokidar": "^3.5.3",
        "del": "^6.1.1",
        "diff": "^5.1.0",
        "esbuild": "^0.17.2",
        "eslint": "^8.22.0",
        "eslint-formatter-autolinkable-stylish": "^1.2.0",
        "eslint-plugin-import": "^2.26.0",
        "eslint-plugin-local": "^1.0.0",
        "eslint-plugin-no-null": "^1.0.2",
        "eslint-plugin-simple-import-sort": "^10.0.0",
        "fast-xml-parser": "^4.0.11",
        "fs-extra": "^9.1.0",
        "glob": "^8.1.0",
        "hereby": "^1.6.4",
        "jsonc-parser": "^3.2.0",
        "minimist": "^1.2.8",
        "mocha": "^10.2.0",
        "mocha-fivemat-progress-reporter": "^0.1.0",
        "ms": "^2.1.3",
        "node-fetch": "^3.2.10",
        "source-map-support": "^0.5.21",
        "tslib": "^2.5.0",
        "typescript": "^5.0.2",
        "which": "^2.0.2"
      },
      "engines": {
        "node": ">=14.17"
      }
    },
    "../../node_modules/.pnpm/vite-plugin-solid@2.7.0_solid-js@1.7.5_vite@4.3.5/node_modules/vite-plugin-solid": {
      "version": "2.7.0",
      "license": "MIT",
      "dependencies": {
        "@babel/core": "^7.20.5",
        "@babel/preset-typescript": "^7.18.6",
        "@types/babel__core": "^7.1.20",
        "babel-preset-solid": "^1.7.2",
        "merge-anything": "^5.1.4",
        "solid-refresh": "^0.5.0",
        "vitefu": "^0.2.3"
      },
      "devDependencies": {
        "@babel/plugin-transform-typescript": "^7.20.2",
        "@babel/preset-env": "^7.20.2",
        "@rollup/plugin-babel": "^6.0.3",
        "@rollup/plugin-commonjs": "^23.0.4",
        "@rollup/plugin-node-resolve": "^15.0.1",
        "@skypack/package-check": "^0.2.2",
        "@types/node": "^18.11.12",
        "prettier": "^2.8.1",
        "rollup": "^3.7.0",
        "rollup-plugin-cleaner": "^1.0.0",
        "solid-js": "^1.7.2",
        "typescript": "^4.9.4",
        "vite": "^4.0.0"
      },
      "peerDependencies": {
        "solid-js": "^1.7.2",
        "vite": "^3.0.0 || ^4.0.0"
      }
    },
    "../../node_modules/.pnpm/vite@4.3.5_@types+node@20.1.0/node_modules/vite": {
      "version": "4.3.5",
      "license": "MIT",
      "dependencies": {
        "esbuild": "^0.17.5",
        "postcss": "^8.4.23",
        "rollup": "^3.21.0"
      },
      "bin": {
        "vite": "bin/vite.js"
      },
      "devDependencies": {
        "@ampproject/remapping": "^2.2.1",
        "@babel/parser": "^7.21.4",
        "@babel/types": "^7.21.4",
        "@jridgewell/trace-mapping": "^0.3.18",
        "@rollup/plugin-alias": "^4.0.4",
        "@rollup/plugin-commonjs": "^24.1.0",
        "@rollup/plugin-dynamic-import-vars": "^2.0.3",
        "@rollup/plugin-json": "^6.0.0",
        "@rollup/plugin-node-resolve": "15.0.2",
        "@rollup/plugin-typescript": "^11.1.0",
        "@rollup/pluginutils": "^5.0.2",
        "@types/escape-html": "^1.0.2",
        "@types/pnpapi": "^0.0.2",
        "acorn": "^8.8.2",
        "acorn-walk": "^8.2.0",
        "cac": "^6.7.14",
        "chokidar": "^3.5.3",
        "connect": "^3.7.0",
        "connect-history-api-fallback": "^2.0.0",
        "convert-source-map": "^2.0.0",
        "cors": "^2.8.5",
        "cross-spawn": "^7.0.3",
        "debug": "^4.3.4",
        "dep-types": "link:./src/types",
        "dotenv": "^16.0.3",
        "dotenv-expand": "^9.0.0",
        "es-module-lexer": "^1.2.1",
        "escape-html": "^1.0.3",
        "estree-walker": "^3.0.3",
        "etag": "^1.8.1",
        "fast-glob": "^3.2.12",
        "http-proxy": "^1.18.1",
        "json-stable-stringify": "^1.0.2",
        "launch-editor-middleware": "^2.6.0",
        "magic-string": "^0.30.0",
        "micromatch": "^4.0.5",
        "mlly": "^1.2.0",
        "mrmime": "^1.0.1",
        "okie": "^1.0.1",
        "open": "^8.4.2",
        "parse5": "^7.1.2",
        "periscopic": "^3.1.0",
        "picocolors": "^1.0.0",
        "picomatch": "^2.3.1",
        "postcss-import": "^15.1.0",
        "postcss-load-config": "^4.0.1",
        "postcss-modules": "^6.0.0",
        "resolve.exports": "^2.0.2",
        "rollup-plugin-license": "^3.0.1",
        "sirv": "^2.0.2",
        "source-map-js": "^1.0.2",
        "source-map-support": "^0.5.21",
        "strip-ansi": "^7.0.1",
        "strip-literal": "^1.0.1",
        "tsconfck": "^2.1.1",
        "tslib": "^2.5.0",
        "types": "link:./types",
        "ufo": "^1.1.1",
        "ws": "^8.13.0"
      },
      "engines": {
        "node": "^14.18.0 || >=16.0.0"
      },
      "optionalDependencies": {
        "fsevents": "~2.3.2"
      },
      "peerDependencies": {
        "@types/node": ">= 14",
        "less": "*",
        "sass": "*",
        "stylus": "*",
        "sugarss": "*",
        "terser": "^5.4.0"
      },
      "peerDependenciesMeta": {
        "@types/node": {
          "optional": true
        },
        "less": {
          "optional": true
        },
        "sass": {
          "optional": true
        },
        "stylus": {
          "optional": true
        },
        "sugarss": {
          "optional": true
        },
        "terser": {
          "optional": true
        }
      }
    },
    "../../vite-plugin-ssr": {
      "version": "0.4.135",
      "license": "MIT",
      "dependencies": {
        "@brillout/import": "0.2.3",
        "@brillout/json-serializer": "^0.5.4",
        "@brillout/picocolors": "^1.0.6",
        "@brillout/vite-plugin-import-build": "^0.2.18",
        "acorn": "^8.8.2",
        "cac": "^6.7.14",
        "es-module-lexer": "^0.10.5",
        "esbuild": "^0.17.18",
        "fast-glob": "^3.2.12",
        "sirv": "^2.0.2",
        "source-map-support": "^0.5.21"
      },
      "bin": {
        "vite-plugin-ssr": "node/cli/bin-entry.js"
      },
      "devDependencies": {
        "@brillout/part-regex": "^0.1.2",
        "@brillout/release-me": "^0.1.7",
        "@types/estree": "^1.0.0",
        "@types/jest": "^27.4.1",
        "@types/node": "^20.1.0",
        "@types/resolve": "^1.20.2",
        "@types/source-map-support": "^0.5.6",
        "rimraf": "^3.0.2",
        "typescript": "^5.1.6",
        "vite": "^4.2.1"
      },
      "engines": {
        "node": ">=16.0.0"
      },
      "peerDependencies": {
        "react-streaming": ">=0.3.5",
        "vite": ">=3.1.0"
      },
      "peerDependenciesMeta": {
        "react-streaming": {
          "optional": true
        }
      }
    },
    "../../vite-plugin-ssr/node_modules/@brillout/import": {
      "resolved": "../../node_modules/.pnpm/@brillout+import@0.2.3/node_modules/@brillout/import",
      "link": true
    },
    "../../vite-plugin-ssr/node_modules/@brillout/json-serializer": {
      "resolved": "../../node_modules/.pnpm/@brillout+json-serializer@0.5.4/node_modules/@brillout/json-serializer",
      "link": true
    },
    "../../vite-plugin-ssr/node_modules/@brillout/part-regex": {
      "resolved": "../../node_modules/.pnpm/@brillout+part-regex@0.1.2/node_modules/@brillout/part-regex",
      "link": true
    },
    "../../vite-plugin-ssr/node_modules/@brillout/picocolors": {
      "resolved": "../../node_modules/.pnpm/@brillout+picocolors@1.0.6/node_modules/@brillout/picocolors",
      "link": true
    },
    "../../vite-plugin-ssr/node_modules/@brillout/release-me": {
      "resolved": "../../node_modules/.pnpm/@brillout+release-me@0.1.7/node_modules/@brillout/release-me",
      "link": true
    },
    "../../vite-plugin-ssr/node_modules/@brillout/vite-plugin-import-build": {
      "resolved": "../../node_modules/.pnpm/@brillout+vite-plugin-import-build@0.2.18/node_modules/@brillout/vite-plugin-import-build",
      "link": true
    },
    "../../vite-plugin-ssr/node_modules/@types/estree": {
      "resolved": "../../node_modules/.pnpm/@types+estree@1.0.1/node_modules/@types/estree",
      "link": true
    },
    "../../vite-plugin-ssr/node_modules/@types/jest": {
      "resolved": "../../node_modules/.pnpm/@types+jest@27.5.2/node_modules/@types/jest",
      "link": true
    },
    "../../vite-plugin-ssr/node_modules/@types/node": {
      "resolved": "../../node_modules/.pnpm/@types+node@20.1.0/node_modules/@types/node",
      "link": true
    },
    "../../vite-plugin-ssr/node_modules/@types/resolve": {
      "resolved": "../../node_modules/.pnpm/@types+resolve@1.20.2/node_modules/@types/resolve",
      "link": true
    },
    "../../vite-plugin-ssr/node_modules/@types/source-map-support": {
      "resolved": "../../node_modules/.pnpm/@types+source-map-support@0.5.6/node_modules/@types/source-map-support",
      "link": true
    },
    "../../vite-plugin-ssr/node_modules/acorn": {
      "resolved": "../../node_modules/.pnpm/acorn@8.8.2/node_modules/acorn",
      "link": true
    },
    "../../vite-plugin-ssr/node_modules/cac": {
      "resolved": "../../node_modules/.pnpm/cac@6.7.14/node_modules/cac",
      "link": true
    },
    "../../vite-plugin-ssr/node_modules/es-module-lexer": {
      "resolved": "../../node_modules/.pnpm/es-module-lexer@0.10.5/node_modules/es-module-lexer",
      "link": true
    },
    "../../vite-plugin-ssr/node_modules/esbuild": {
      "resolved": "../../node_modules/.pnpm/esbuild@0.17.18/node_modules/esbuild",
      "link": true
    },
    "../../vite-plugin-ssr/node_modules/fast-glob": {
      "resolved": "../../node_modules/.pnpm/fast-glob@3.2.12/node_modules/fast-glob",
      "link": true
    },
    "../../vite-plugin-ssr/node_modules/react-streaming": {
      "resolved": "../../node_modules/.pnpm/react-streaming@0.3.10_react-dom@18.2.0_react@18.2.0/node_modules/react-streaming",
      "link": true
    },
    "../../vite-plugin-ssr/node_modules/rimraf": {
      "resolved": "../../node_modules/.pnpm/rimraf@3.0.2/node_modules/rimraf",
      "link": true
    },
    "../../vite-plugin-ssr/node_modules/sirv": {
      "resolved": "../../node_modules/.pnpm/sirv@2.0.3/node_modules/sirv",
      "link": true
    },
    "../../vite-plugin-ssr/node_modules/source-map-support": {
      "resolved": "../../node_modules/.pnpm/source-map-support@0.5.21/node_modules/source-map-support",
      "link": true
    },
    "../../vite-plugin-ssr/node_modules/typescript": {
      "resolved": "../../node_modules/.pnpm/typescript@5.1.6/node_modules/typescript",
      "link": true
    },
    "../../vite-plugin-ssr/node_modules/vite": {
      "resolved": "../../node_modules/.pnpm/vite@4.3.5_@types+node@20.1.0/node_modules/vite",
      "link": true
    },
    "node_modules/prettier": {
      "resolved": "../../node_modules/.pnpm/prettier@3.0.1/node_modules/prettier",
      "link": true
    },
    "node_modules/solid-js": {
      "resolved": "../../node_modules/.pnpm/solid-js@1.7.5/node_modules/solid-js",
      "link": true
    },
    "node_modules/typescript": {
      "resolved": "../../node_modules/.pnpm/typescript@5.0.4/node_modules/typescript",
      "link": true
    },
    "node_modules/vite": {
      "resolved": "../../node_modules/.pnpm/vite@4.3.5_@types+node@20.1.0/node_modules/vite",
      "link": true
    },
    "node_modules/vite-plugin-solid": {
      "resolved": "../../node_modules/.pnpm/vite-plugin-solid@2.7.0_solid-js@1.7.5_vite@4.3.5/node_modules/vite-plugin-solid",
      "link": true
    },
    "node_modules/vite-plugin-ssr": {
      "resolved": "../../vite-plugin-ssr",
      "link": true
    }
  }
}
